
Microsoft Visual Studio Solution File, Format Version 12.00
# Visual Studio Version 17
VisualStudioVersion = 17.7.34031.279
MinimumVisualStudioVersion = 10.0.40219.1
Project("{FAE04EC0-301F-11D3-BF4B-00C04F79EFBC}") = "Task_1", "Task_1\Task_1.csproj", "{01DE551F-7369-4C27-BEB0-01842550C8D3}"
EndProject
Global
	GlobalSection(SolutionConfigurationPlatforms) = preSolution
		Debug|Any CPU = Debug|Any CPU
		Release|Any CPU = Release|Any CPU
	EndGlobalSection
	GlobalSection(ProjectConfigurationPlatforms) = postSolution
		{01DE551F-7369-4C27-BEB0-01842550C8D3}.Debug|Any CPU.ActiveCfg = Debug|Any CPU
		{01DE551F-7369-4C27-BEB0-01842550C8D3}.Debug|Any CPU.Build.0 = Debug|Any CPU
		{01DE551F-7369-4C27-BEB0-01842550C8D3}.Release|Any CPU.ActiveCfg = Release|Any CPU
		{01DE551F-7369-4C27-BEB0-01842550C8D3}.Release|Any CPU.Build.0 = Release|Any CPU
	EndGlobalSection
	GlobalSection(SolutionProperties) = preSolution
		HideSolutionNode = FALSE
	EndGlobalSection
	GlobalSection(ExtensibilityGlobals) = postSolution
		SolutionGuid = {66AE424B-9C39-47D2-BB30-A4B30FC5D49E}
	EndGlobalSection
EndGlobal
